# THIS IS AN AUTOGENERATED FILE. DO NOT EDIT THIS FILE DIRECTLY.
# yarn lockfile v1


kmp-tor.resource-exec-tor.all@408.21.0-SNAPSHOT.0:
  version "408.21.0-SNAPSHOT.0"
  resolved "https://registry.yarnpkg.com/kmp-tor.resource-exec-tor.all/-/kmp-tor.resource-exec-tor.all-408.21.0-SNAPSHOT.0.tgz#03ec346ad85731c218fb08c4e8f409432690fa09"
  integrity sha512-MgDfqHzL1uA2BOF2/R3buoQltfF8K8mpFJ62TUd090sEta8zTK+pgh6RmTOkWWRR8V3dOKP3jKz+GDCdreGJzw==
  dependencies:
    kmp-tor.resource-exec-tor.linux-android "408.21.0-SNAPSHOT.0"
    kmp-tor.resource-exec-tor.linux-libc "408.21.0-SNAPSHOT.0"
    kmp-tor.resource-exec-tor.linux-musl "408.21.0-SNAPSHOT.0"
    kmp-tor.resource-exec-tor.macos "408.21.0-SNAPSHOT.0"
    kmp-tor.resource-exec-tor.mingw "408.21.0-SNAPSHOT.0"

kmp-tor.resource-exec-tor.linux-android@408.21.0-SNAPSHOT.0:
  version "408.21.0-SNAPSHOT.0"
  resolved "https://registry.yarnpkg.com/kmp-tor.resource-exec-tor.linux-android/-/kmp-tor.resource-exec-tor.linux-android-408.21.0-SNAPSHOT.0.tgz#ce7cf171a5b7ae903d5d8966f2a6a458032513a6"
  integrity sha512-HPgdaODR1jfYdcvSS7XSQCT8X+upw4S9ziq/k7VnsLmXYEsD/HBmu9OQ9w8kWCNe3NpiutqEXpekOZiFwuUVZA==

kmp-tor.resource-exec-tor.linux-libc@408.21.0-SNAPSHOT.0:
  version "408.21.0-SNAPSHOT.0"
  resolved "https://registry.yarnpkg.com/kmp-tor.resource-exec-tor.linux-libc/-/kmp-tor.resource-exec-tor.linux-libc-408.21.0-SNAPSHOT.0.tgz#fd7114a530410303d5a8a6e946d524b166a251f2"
  integrity sha512-+NRuP8kTgDYEIGjEicLYg2fi/JkW++dqvyXzn4cGwPEgiJuUL/W8dQELVQSYQAVyztsveAooJDjFstpP701vdw==

kmp-tor.resource-exec-tor.linux-musl@408.21.0-SNAPSHOT.0:
  version "408.21.0-SNAPSHOT.0"
  resolved "https://registry.yarnpkg.com/kmp-tor.resource-exec-tor.linux-musl/-/kmp-tor.resource-exec-tor.linux-musl-408.21.0-SNAPSHOT.0.tgz#c79fa5663d1ded36235e582bc59fbe0f548435d3"
  integrity sha512-t97bA1OBRNFyoPinsaG4G8HJ1eki7V0zQ9foyEfYq+7EkhW/bFzDUZ/xqL040az7Pw6wnZws5EBcLlQSNiTpZQ==

kmp-tor.resource-exec-tor.macos@408.21.0-SNAPSHOT.0:
  version "408.21.0-SNAPSHOT.0"
  resolved "https://registry.yarnpkg.com/kmp-tor.resource-exec-tor.macos/-/kmp-tor.resource-exec-tor.macos-408.21.0-SNAPSHOT.0.tgz#bff6b414525b0a8f90947f145b5c0b2fae1ae5aa"
  integrity sha512-i3/qAKScobe0XRDPXTU1DW9IvsRBfPWShf9K/itG1aNqse/L6pTM7kw8g4r3bmE3QZ1hJaFjs87+bMz736AoWA==

kmp-tor.resource-exec-tor.mingw@408.21.0-SNAPSHOT.0:
  version "408.21.0-SNAPSHOT.0"
  resolved "https://registry.yarnpkg.com/kmp-tor.resource-exec-tor.mingw/-/kmp-tor.resource-exec-tor.mingw-408.21.0-SNAPSHOT.0.tgz#e0272a3d928395eb91bf0782cf0026d5f1fb7b95"
  integrity sha512-9fEMW6Hn1dEJGaAcLnEVnfIM+sX4127JuZMRIX9CM5h7hLCIVvZfdKHO2NhC/QPFonD/8z9OguQd/kDfl5Vm3g==

kmp-tor.resource-geoip@408.21.0-SNAPSHOT.0:
  version "408.21.0-SNAPSHOT.0"
  resolved "https://registry.yarnpkg.com/kmp-tor.resource-geoip/-/kmp-tor.resource-geoip-408.21.0-SNAPSHOT.0.tgz#2e91381174f4251922028a7ec0345057995a87c0"
  integrity sha512-PK8RVmwRAt+3UXeDTVb+gIN8NPNk+rkTDDttKXHWNv3IBKeovLBO3rE8EZX71p8Nt+KyBExe8RYULRDsLC2EUg==
